
Microsoft Visual Studio Solution File, Format Version 12.00
# Visual Studio Version 16
VisualStudioVersion = 16.0.31729.503
MinimumVisualStudioVersion = 10.0.40219.1
Project("{FAE04EC0-301F-11D3-BF4B-00C04F79EFBC}") = "CMS.WebAPI", "CMS.WebAPI\CMS.WebAPI.csproj", "{10C91E79-0566-4F0E-8CB7-44B5594C9CD1}"
EndProject
Project("{FAE04EC0-301F-11D3-BF4B-00C04F79EFBC}") = "CMS.Domain.Services", "CMS.Domain.Services\CMS.Domain.Services.csproj", "{A572AD0C-7720-48DA-9FC5-643FC175A31F}"
EndProject
Project("{FAE04EC0-301F-11D3-BF4B-00C04F79EFBC}") = "CMS.Domain", "CMS.Domain\CMS.Domain.csproj", "{E59889C6-5B94-474E-9E9C-CE86E9045F14}"
EndProject
Project("{FAE04EC0-301F-11D3-BF4B-00C04F79EFBC}") = "CMS.Data", "CMS.Data\CMS.Data.csproj", "{86F279A9-F4ED-4F5E-8057-FE9AA0AD9D2F}"
EndProject
Project("{FAE04EC0-301F-11D3-BF4B-00C04F79EFBC}") = "CMS.Data.Interfaces", "CMS.Data.Interfaces\CMS.Data.Interfaces.csproj", "{F329CE26-EC96-4C40-811B-F045B37F5118}"
EndProject
Global
	GlobalSection(SolutionConfigurationPlatforms) = preSolution
		Debug|Any CPU = Debug|Any CPU
		Release|Any CPU = Release|Any CPU
	EndGlobalSection
	GlobalSection(ProjectConfigurationPlatforms) = postSolution
		{10C91E79-0566-4F0E-8CB7-44B5594C9CD1}.Debug|Any CPU.ActiveCfg = Debug|Any CPU
		{10C91E79-0566-4F0E-8CB7-44B5594C9CD1}.Debug|Any CPU.Build.0 = Debug|Any CPU
		{10C91E79-0566-4F0E-8CB7-44B5594C9CD1}.Release|Any CPU.ActiveCfg = Release|Any CPU
		{10C91E79-0566-4F0E-8CB7-44B5594C9CD1}.Release|Any CPU.Build.0 = Release|Any CPU
		{A572AD0C-7720-48DA-9FC5-643FC175A31F}.Debug|Any CPU.ActiveCfg = Debug|Any CPU
		{A572AD0C-7720-48DA-9FC5-643FC175A31F}.Debug|Any CPU.Build.0 = Debug|Any CPU
		{A572AD0C-7720-48DA-9FC5-643FC175A31F}.Release|Any CPU.ActiveCfg = Release|Any CPU
		{A572AD0C-7720-48DA-9FC5-643FC175A31F}.Release|Any CPU.Build.0 = Release|Any CPU
		{E59889C6-5B94-474E-9E9C-CE86E9045F14}.Debug|Any CPU.ActiveCfg = Debug|Any CPU
		{E59889C6-5B94-474E-9E9C-CE86E9045F14}.Debug|Any CPU.Build.0 = Debug|Any CPU
		{E59889C6-5B94-474E-9E9C-CE86E9045F14}.Release|Any CPU.ActiveCfg = Release|Any CPU
		{E59889C6-5B94-474E-9E9C-CE86E9045F14}.Release|Any CPU.Build.0 = Release|Any CPU
		{86F279A9-F4ED-4F5E-8057-FE9AA0AD9D2F}.Debug|Any CPU.ActiveCfg = Debug|Any CPU
		{86F279A9-F4ED-4F5E-8057-FE9AA0AD9D2F}.Debug|Any CPU.Build.0 = Debug|Any CPU
		{86F279A9-F4ED-4F5E-8057-FE9AA0AD9D2F}.Release|Any CPU.ActiveCfg = Release|Any CPU
		{86F279A9-F4ED-4F5E-8057-FE9AA0AD9D2F}.Release|Any CPU.Build.0 = Release|Any CPU
		{F329CE26-EC96-4C40-811B-F045B37F5118}.Debug|Any CPU.ActiveCfg = Debug|Any CPU
		{F329CE26-EC96-4C40-811B-F045B37F5118}.Debug|Any CPU.Build.0 = Debug|Any CPU
		{F329CE26-EC96-4C40-811B-F045B37F5118}.Release|Any CPU.ActiveCfg = Release|Any CPU
		{F329CE26-EC96-4C40-811B-F045B37F5118}.Release|Any CPU.Build.0 = Release|Any CPU
	EndGlobalSection
	GlobalSection(SolutionProperties) = preSolution
		HideSolutionNode = FALSE
	EndGlobalSection
	GlobalSection(ExtensibilityGlobals) = postSolution
		SolutionGuid = {3D10F7FD-D896-455B-9B8B-127714082879}
	EndGlobalSection
EndGlobal
